// !$*UTF8*$!
{
	archiveVersion = 1;
	classes = {
	};
	objectVersion = 51;
	objects = {

/* Begin PBXBuildFile section */
		5285DEBFD34A01D21B4EE07E /* Pods_LookeTest_LookeTestUITests.framework in Frameworks */ = {isa = PBXBuildFile; fileRef = 012E006385C3B7468D690DCA /* Pods_LookeTest_LookeTestUITests.framework */; };
		602227B8E3C5D4DDC9EB52D5 /* Pods_LookeTest.framework in Frameworks */ = {isa = PBXBuildFile; fileRef = 5BEC780DCD3065D6E9CAF50A /* Pods_LookeTest.framework */; };
		EF34D02625E5CA450074C834 /* AppDelegate.swift in Sources */ = {isa = PBXBuildFile; fileRef = EF34D02525E5CA450074C834 /* AppDelegate.swift */; };
		EF34D02825E5CA450074C834 /* SceneDelegate.swift in Sources */ = {isa = PBXBuildFile; fileRef = EF34D02725E5CA450074C834 /* SceneDelegate.swift */; };
		EF34D02A25E5CA450074C834 /* ViewController.swift in Sources */ = {isa = PBXBuildFile; fileRef = EF34D02925E5CA450074C834 /* ViewController.swift */; };
		EF34D02D25E5CA450074C834 /* Main.storyboard in Resources */ = {isa = PBXBuildFile; fileRef = EF34D02B25E5CA450074C834 /* Main.storyboard */; };
		EF34D02F25E5CA450074C834 /* Assets.xcassets in Resources */ = {isa = PBXBuildFile; fileRef = EF34D02E25E5CA450074C834 /* Assets.xcassets */; };
		EF34D03225E5CA450074C834 /* LaunchScreen.storyboard in Resources */ = {isa = PBXBuildFile; fileRef = EF34D03025E5CA450074C834 /* LaunchScreen.storyboard */; };
		EF34D03D25E5CA460074C834 /* LookeTestTests.swift in Sources */ = {isa = PBXBuildFile; fileRef = EF34D03C25E5CA460074C834 /* LookeTestTests.swift */; };
		EF34D04825E5CA460074C834 /* LookeTestUITests.swift in Sources */ = {isa = PBXBuildFile; fileRef = EF34D04725E5CA460074C834 /* LookeTestUITests.swift */; };
		EF34D06D25E5CBB10074C834 /* ViewCode.swift in Sources */ = {isa = PBXBuildFile; fileRef = EF34D06C25E5CBB10074C834 /* ViewCode.swift */; };
		EF34D07225E5D58A0074C834 /* SimplyListCaller.swift in Sources */ = {isa = PBXBuildFile; fileRef = EF34D07125E5D58A0074C834 /* SimplyListCaller.swift */; };
		EF34D07725E5D5DB0074C834 /* AlgorithmOutput.swift in Sources */ = {isa = PBXBuildFile; fileRef = EF34D07625E5D5DB0074C834 /* AlgorithmOutput.swift */; };
		EF34D07C25E5D60E0074C834 /* RotationSlider.swift in Sources */ = {isa = PBXBuildFile; fileRef = EF34D07B25E5D60E0074C834 /* RotationSlider.swift */; };
		EF34D08125E5D64B0074C834 /* VehicleAssortment.swift in Sources */ = {isa = PBXBuildFile; fileRef = EF34D08025E5D64B0074C834 /* VehicleAssortment.swift */; };
		EF34D08625E5D6870074C834 /* PatternsExplanation.swift in Sources */ = {isa = PBXBuildFile; fileRef = EF34D08525E5D6870074C834 /* PatternsExplanation.swift */; };
		EF34D0A325E6726F0074C834 /* Topping.swift in Sources */ = {isa = PBXBuildFile; fileRef = EF34D0A225E6726F0074C834 /* Topping.swift */; };
		EF34D0AC25E673DA0074C834 /* Request.swift in Sources */ = {isa = PBXBuildFile; fileRef = EF34D0AB25E673DA0074C834 /* Request.swift */; };
		EF34D0B125E673F00074C834 /* Response.swift in Sources */ = {isa = PBXBuildFile; fileRef = EF34D0B025E673F00074C834 /* Response.swift */; };
		EF34D0B625E674090074C834 /* ServerError.swift in Sources */ = {isa = PBXBuildFile; fileRef = EF34D0B525E674090074C834 /* ServerError.swift */; };
		EF34D0BC25E675CA0074C834 /* TopperCollectionViewCell.swift in Sources */ = {isa = PBXBuildFile; fileRef = EF34D0BB25E675CA0074C834 /* TopperCollectionViewCell.swift */; };
		EF34D0CB25E72EF40074C834 /* TextBox.swift in Sources */ = {isa = PBXBuildFile; fileRef = EF34D0CA25E72EF40074C834 /* TextBox.swift */; };
		EFD2F0E425E7405E00841E27 /* MainViewController.swift in Sources */ = {isa = PBXBuildFile; fileRef = EFD2F0E325E7405E00841E27 /* MainViewController.swift */; };
		EFD2F0E925E74BD400841E27 /* Color+Extension.swift in Sources */ = {isa = PBXBuildFile; fileRef = EFD2F0E825E74BD400841E27 /* Color+Extension.swift */; };
		EFD2F18A25E7FDFA00841E27 /* AddFramework.swift in Sources */ = {isa = PBXBuildFile; fileRef = EFD2F18925E7FDFA00841E27 /* AddFramework.swift */; };
		EFD2F19525E7FEB200841E27 /* ScreenSize.swift in Sources */ = {isa = PBXBuildFile; fileRef = EFD2F19425E7FEB200841E27 /* ScreenSize.swift */; };
		EFD2F19A25E7FFE400841E27 /* OutletDefinition.swift in Sources */ = {isa = PBXBuildFile; fileRef = EFD2F19925E7FFE400841E27 /* OutletDefinition.swift */; };
		EFD2F1A225E8012C00841E27 /* NotificationCenter.swift in Sources */ = {isa = PBXBuildFile; fileRef = EFD2F1A125E8012C00841E27 /* NotificationCenter.swift */; };
		EFD2F1A725E8040100841E27 /* BundleId.swift in Sources */ = {isa = PBXBuildFile; fileRef = EFD2F1A625E8040100841E27 /* BundleId.swift */; };
		F8D7F160706B33FB933419C7 /* Pods_LookeTestTests.framework in Frameworks */ = {isa = PBXBuildFile; fileRef = 493231EE89AD687AD4C01EF6 /* Pods_LookeTestTests.framework */; };
/* End PBXBuildFile section */

/* Begin PBXContainerItemProxy section */
		EF34D03925E5CA460074C834 /* PBXContainerItemProxy */ = {
			isa = PBXContainerItemProxy;
			containerPortal = EF34D01A25E5CA450074C834 /* Project object */;
			proxyType = 1;
			remoteGlobalIDString = EF34D02125E5CA450074C834;
			remoteInfo = LookeTest;
		};
		EF34D04425E5CA460074C834 /* PBXContainerItemProxy */ = {
			isa = PBXContainerItemProxy;
			containerPortal = EF34D01A25E5CA450074C834 /* Project object */;
			proxyType = 1;
			remoteGlobalIDString = EF34D02125E5CA450074C834;
			remoteInfo = LookeTest;
		};
/* End PBXContainerItemProxy section */

/* Begin PBXFileReference section */
		012E006385C3B7468D690DCA /* Pods_LookeTest_LookeTestUITests.framework */ = {isa = PBXFileReference; explicitFileType = wrapper.framework; includeInIndex = 0; path = Pods_LookeTest_LookeTestUITests.framework; sourceTree = BUILT_PRODUCTS_DIR; };
		32AE9C6F12063A289E75B15A /* Pods-LookeTest.release.xcconfig */ = {isa = PBXFileReference; includeInIndex = 1; lastKnownFileType = text.xcconfig; name = "Pods-LookeTest.release.xcconfig"; path = "Target Support Files/Pods-LookeTest/Pods-LookeTest.release.xcconfig"; sourceTree = "<group>"; };
		3EEAE9A076AE6315840B7503 /* Pods-LookeTestTests.debug.xcconfig */ = {isa = PBXFileReference; includeInIndex = 1; lastKnownFileType = text.xcconfig; name = "Pods-LookeTestTests.debug.xcconfig"; path = "Target Support Files/Pods-LookeTestTests/Pods-LookeTestTests.debug.xcconfig"; sourceTree = "<group>"; };
		493231EE89AD687AD4C01EF6 /* Pods_LookeTestTests.framework */ = {isa = PBXFileReference; explicitFileType = wrapper.framework; includeInIndex = 0; path = Pods_LookeTestTests.framework; sourceTree = BUILT_PRODUCTS_DIR; };
		5BEC780DCD3065D6E9CAF50A /* Pods_LookeTest.framework */ = {isa = PBXFileReference; explicitFileType = wrapper.framework; includeInIndex = 0; path = Pods_LookeTest.framework; sourceTree = BUILT_PRODUCTS_DIR; };
		8184FFAED22956B8033E772C /* Pods-LookeTest.debug.xcconfig */ = {isa = PBXFileReference; includeInIndex = 1; lastKnownFileType = text.xcconfig; name = "Pods-LookeTest.debug.xcconfig"; path = "Target Support Files/Pods-LookeTest/Pods-LookeTest.debug.xcconfig"; sourceTree = "<group>"; };
		986DB0553247553FFEC2407C /* Pods-LookeTestTests.release.xcconfig */ = {isa = PBXFileReference; includeInIndex = 1; lastKnownFileType = text.xcconfig; name = "Pods-LookeTestTests.release.xcconfig"; path = "Target Support Files/Pods-LookeTestTests/Pods-LookeTestTests.release.xcconfig"; sourceTree = "<group>"; };
		B48F7CB7042F2855B164BD87 /* Pods-LookeTest-LookeTestUITests.debug.xcconfig */ = {isa = PBXFileReference; includeInIndex = 1; lastKnownFileType = text.xcconfig; name = "Pods-LookeTest-LookeTestUITests.debug.xcconfig"; path = "Target Support Files/Pods-LookeTest-LookeTestUITests/Pods-LookeTest-LookeTestUITests.debug.xcconfig"; sourceTree = "<group>"; };
		EF34D02225E5CA450074C834 /* LookeTest.app */ = {isa = PBXFileReference; explicitFileType = wrapper.application; includeInIndex = 0; path = LookeTest.app; sourceTree = BUILT_PRODUCTS_DIR; };
		EF34D02525E5CA450074C834 /* AppDelegate.swift */ = {isa = PBXFileReference; lastKnownFileType = sourcecode.swift; path = AppDelegate.swift; sourceTree = "<group>"; };
		EF34D02725E5CA450074C834 /* SceneDelegate.swift */ = {isa = PBXFileReference; lastKnownFileType = sourcecode.swift; path = SceneDelegate.swift; sourceTree = "<group>"; };
		EF34D02925E5CA450074C834 /* ViewController.swift */ = {isa = PBXFileReference; lastKnownFileType = sourcecode.swift; path = ViewController.swift; sourceTree = "<group>"; };
		EF34D02C25E5CA450074C834 /* Base */ = {isa = PBXFileReference; lastKnownFileType = file.storyboard; name = Base; path = Base.lproj/Main.storyboard; sourceTree = "<group>"; };
		EF34D02E25E5CA450074C834 /* Assets.xcassets */ = {isa = PBXFileReference; lastKnownFileType = folder.assetcatalog; path = Assets.xcassets; sourceTree = "<group>"; };
		EF34D03125E5CA450074C834 /* Base */ = {isa = PBXFileReference; lastKnownFileType = file.storyboard; name = Base; path = Base.lproj/LaunchScreen.storyboard; sourceTree = "<group>"; };
		EF34D03325E5CA450074C834 /* Info.plist */ = {isa = PBXFileReference; lastKnownFileType = text.plist.xml; path = Info.plist; sourceTree = "<group>"; };
		EF34D03825E5CA460074C834 /* LookeTestTests.xctest */ = {isa = PBXFileReference; explicitFileType = wrapper.cfbundle; includeInIndex = 0; path = LookeTestTests.xctest; sourceTree = BUILT_PRODUCTS_DIR; };
		EF34D03C25E5CA460074C834 /* LookeTestTests.swift */ = {isa = PBXFileReference; lastKnownFileType = sourcecode.swift; path = LookeTestTests.swift; sourceTree = "<group>"; };
		EF34D03E25E5CA460074C834 /* Info.plist */ = {isa = PBXFileReference; lastKnownFileType = text.plist.xml; path = Info.plist; sourceTree = "<group>"; };
		EF34D04325E5CA460074C834 /* LookeTestUITests.xctest */ = {isa = PBXFileReference; explicitFileType = wrapper.cfbundle; includeInIndex = 0; path = LookeTestUITests.xctest; sourceTree = BUILT_PRODUCTS_DIR; };
		EF34D04725E5CA460074C834 /* LookeTestUITests.swift */ = {isa = PBXFileReference; lastKnownFileType = sourcecode.swift; path = LookeTestUITests.swift; sourceTree = "<group>"; };
		EF34D04925E5CA460074C834 /* Info.plist */ = {isa = PBXFileReference; lastKnownFileType = text.plist.xml; path = Info.plist; sourceTree = "<group>"; };
		EF34D06C25E5CBB10074C834 /* ViewCode.swift */ = {isa = PBXFileReference; lastKnownFileType = sourcecode.swift; path = ViewCode.swift; sourceTree = "<group>"; };
		EF34D07125E5D58A0074C834 /* SimplyListCaller.swift */ = {isa = PBXFileReference; lastKnownFileType = sourcecode.swift; path = SimplyListCaller.swift; sourceTree = "<group>"; };
		EF34D07625E5D5DB0074C834 /* AlgorithmOutput.swift */ = {isa = PBXFileReference; lastKnownFileType = sourcecode.swift; path = AlgorithmOutput.swift; sourceTree = "<group>"; };
		EF34D07B25E5D60E0074C834 /* RotationSlider.swift */ = {isa = PBXFileReference; lastKnownFileType = sourcecode.swift; path = RotationSlider.swift; sourceTree = "<group>"; };
		EF34D08025E5D64B0074C834 /* VehicleAssortment.swift */ = {isa = PBXFileReference; lastKnownFileType = sourcecode.swift; path = VehicleAssortment.swift; sourceTree = "<group>"; };
		EF34D08525E5D6870074C834 /* PatternsExplanation.swift */ = {isa = PBXFileReference; lastKnownFileType = sourcecode.swift; path = PatternsExplanation.swift; sourceTree = "<group>"; };
		EF34D0A225E6726F0074C834 /* Topping.swift */ = {isa = PBXFileReference; lastKnownFileType = sourcecode.swift; path = Topping.swift; sourceTree = "<group>"; };
		EF34D0AB25E673DA0074C834 /* Request.swift */ = {isa = PBXFileReference; lastKnownFileType = sourcecode.swift; path = Request.swift; sourceTree = "<group>"; };
		EF34D0B025E673F00074C834 /* Response.swift */ = {isa = PBXFileReference; lastKnownFileType = sourcecode.swift; path = Response.swift; sourceTree = "<group>"; };
		EF34D0B525E674090074C834 /* ServerError.swift */ = {isa = PBXFileReference; lastKnownFileType = sourcecode.swift; path = ServerError.swift; sourceTree = "<group>"; };
		EF34D0BB25E675CA0074C834 /* TopperCollectionViewCell.swift */ = {isa = PBXFileReference; lastKnownFileType = sourcecode.swift; path = TopperCollectionViewCell.swift; sourceTree = "<group>"; };
		EF34D0CA25E72EF40074C834 /* TextBox.swift */ = {isa = PBXFileReference; lastKnownFileType = sourcecode.swift; path = TextBox.swift; sourceTree = "<group>"; };
		EFD2F0E325E7405E00841E27 /* MainViewController.swift */ = {isa = PBXFileReference; lastKnownFileType = sourcecode.swift; path = MainViewController.swift; sourceTree = "<group>"; };
		EFD2F0E825E74BD400841E27 /* Color+Extension.swift */ = {isa = PBXFileReference; lastKnownFileType = sourcecode.swift; path = "Color+Extension.swift"; sourceTree = "<group>"; };
		EFD2F18925E7FDFA00841E27 /* AddFramework.swift */ = {isa = PBXFileReference; lastKnownFileType = sourcecode.swift; path = AddFramework.swift; sourceTree = "<group>"; };
		EFD2F19425E7FEB200841E27 /* ScreenSize.swift */ = {isa = PBXFileReference; lastKnownFileType = sourcecode.swift; path = ScreenSize.swift; sourceTree = "<group>"; };
		EFD2F19925E7FFE400841E27 /* OutletDefinition.swift */ = {isa = PBXFileReference; lastKnownFileType = sourcecode.swift; path = OutletDefinition.swift; sourceTree = "<group>"; };
		EFD2F1A125E8012C00841E27 /* NotificationCenter.swift */ = {isa = PBXFileReference; lastKnownFileType = sourcecode.swift; path = NotificationCenter.swift; sourceTree = "<group>"; };
		EFD2F1A625E8040100841E27 /* BundleId.swift */ = {isa = PBXFileReference; lastKnownFileType = sourcecode.swift; path = BundleId.swift; sourceTree = "<group>"; };
		FB5CE9BA7717C6D4DE77A1B2 /* Pods-LookeTest-LookeTestUITests.release.xcconfig */ = {isa = PBXFileReference; includeInIndex = 1; lastKnownFileType = text.xcconfig; name = "Pods-LookeTest-LookeTestUITests.release.xcconfig"; path = "Target Support Files/Pods-LookeTest-LookeTestUITests/Pods-LookeTest-LookeTestUITests.release.xcconfig"; sourceTree = "<group>"; };
/* End PBXFileReference section */

/* Begin PBXFrameworksBuildPhase section */
		EF34D01F25E5CA450074C834 /* Frameworks */ = {
			isa = PBXFrameworksBuildPhase;
			buildActionMask = 2147483647;
			files = (
				602227B8E3C5D4DDC9EB52D5 /* Pods_LookeTest.framework in Frameworks */,
			);
			runOnlyForDeploymentPostprocessing = 0;
		};
		EF34D03525E5CA460074C834 /* Frameworks */ = {
			isa = PBXFrameworksBuildPhase;
			buildActionMask = 2147483647;
			files = (
				F8D7F160706B33FB933419C7 /* Pods_LookeTestTests.framework in Frameworks */,
			);
			runOnlyForDeploymentPostprocessing = 0;
		};
		EF34D04025E5CA460074C834 /* Frameworks */ = {
			isa = PBXFrameworksBuildPhase;
			buildActionMask = 2147483647;
			files = (
				5285DEBFD34A01D21B4EE07E /* Pods_LookeTest_LookeTestUITests.framework in Frameworks */,
			);
			runOnlyForDeploymentPostprocessing = 0;
		};
/* End PBXFrameworksBuildPhase section */

/* Begin PBXGroup section */
		165C3A96EEBA014126499499 /* Frameworks */ = {
			isa = PBXGroup;
			children = (
				5BEC780DCD3065D6E9CAF50A /* Pods_LookeTest.framework */,
				012E006385C3B7468D690DCA /* Pods_LookeTest_LookeTestUITests.framework */,
				493231EE89AD687AD4C01EF6 /* Pods_LookeTestTests.framework */,
			);
			name = Frameworks;
			sourceTree = "<group>";
		};
		EE0E2994F9C2EA8B096C0D46 /* Pods */ = {
			isa = PBXGroup;
			children = (
				8184FFAED22956B8033E772C /* Pods-LookeTest.debug.xcconfig */,
				32AE9C6F12063A289E75B15A /* Pods-LookeTest.release.xcconfig */,
				B48F7CB7042F2855B164BD87 /* Pods-LookeTest-LookeTestUITests.debug.xcconfig */,
				FB5CE9BA7717C6D4DE77A1B2 /* Pods-LookeTest-LookeTestUITests.release.xcconfig */,
				3EEAE9A076AE6315840B7503 /* Pods-LookeTestTests.debug.xcconfig */,
				986DB0553247553FFEC2407C /* Pods-LookeTestTests.release.xcconfig */,
			);
			path = Pods;
			sourceTree = "<group>";
		};
		EF34D01925E5CA450074C834 = {
			isa = PBXGroup;
			children = (
				EF34D02425E5CA450074C834 /* LookeTest */,
				EF34D03B25E5CA460074C834 /* LookeTestTests */,
				EF34D04625E5CA460074C834 /* LookeTestUITests */,
				EF34D02325E5CA450074C834 /* Products */,
				EE0E2994F9C2EA8B096C0D46 /* Pods */,
				165C3A96EEBA014126499499 /* Frameworks */,
			);
			sourceTree = "<group>";
		};
		EF34D02325E5CA450074C834 /* Products */ = {
			isa = PBXGroup;
			children = (
				EF34D02225E5CA450074C834 /* LookeTest.app */,
				EF34D03825E5CA460074C834 /* LookeTestTests.xctest */,
				EF34D04325E5CA460074C834 /* LookeTestUITests.xctest */,
			);
			name = Products;
			sourceTree = "<group>";
		};
		EF34D02425E5CA450074C834 /* LookeTest */ = {
			isa = PBXGroup;
			children = (
				EF34D06B25E5CBA20074C834 /* Common */,
				EF34D06125E5CAFB0074C834 /* Scenes */,
				EF34D02925E5CA450074C834 /* ViewController.swift */,
				EF34D02B25E5CA450074C834 /* Main.storyboard */,
				EF34D02E25E5CA450074C834 /* Assets.xcassets */,
				EF34D03025E5CA450074C834 /* LaunchScreen.storyboard */,
				EF34D03325E5CA450074C834 /* Info.plist */,
				EFD2F0E325E7405E00841E27 /* MainViewController.swift */,
			);
			path = LookeTest;
			sourceTree = "<group>";
		};
		EF34D03B25E5CA460074C834 /* LookeTestTests */ = {
			isa = PBXGroup;
			children = (
				EF34D03C25E5CA460074C834 /* LookeTestTests.swift */,
				EF34D03E25E5CA460074C834 /* Info.plist */,
			);
			path = LookeTestTests;
			sourceTree = "<group>";
		};
		EF34D04625E5CA460074C834 /* LookeTestUITests */ = {
			isa = PBXGroup;
			children = (
				EF34D04725E5CA460074C834 /* LookeTestUITests.swift */,
				EF34D04925E5CA460074C834 /* Info.plist */,
			);
			path = LookeTestUITests;
			sourceTree = "<group>";
		};
		EF34D06125E5CAFB0074C834 /* Scenes */ = {
			isa = PBXGroup;
			children = (
				EF34D0A125E672600074C834 /* Model */,
				EF34D0BA25E675A40074C834 /* ViewCell */,
				EF34D0C925E72EDC0074C834 /* UIElement */,
				EF34D07125E5D58A0074C834 /* SimplyListCaller.swift */,
				EF34D07625E5D5DB0074C834 /* AlgorithmOutput.swift */,
				EF34D07B25E5D60E0074C834 /* RotationSlider.swift */,
				EF34D08025E5D64B0074C834 /* VehicleAssortment.swift */,
				EF34D08525E5D6870074C834 /* PatternsExplanation.swift */,
				EFD2F18925E7FDFA00841E27 /* AddFramework.swift */,
				EFD2F19425E7FEB200841E27 /* ScreenSize.swift */,
				EFD2F19925E7FFE400841E27 /* OutletDefinition.swift */,
				EFD2F1A125E8012C00841E27 /* NotificationCenter.swift */,
				EFD2F1A625E8040100841E27 /* BundleId.swift */,
			);
			path = Scenes;
			sourceTree = "<group>";
		};
		EF34D06B25E5CBA20074C834 /* Common */ = {
			isa = PBXGroup;
			children = (
				EF34D0AA25E673C60074C834 /* API */,
				EF34D02525E5CA450074C834 /* AppDelegate.swift */,
				EF34D02725E5CA450074C834 /* SceneDelegate.swift */,
				EF34D06C25E5CBB10074C834 /* ViewCode.swift */,
				EFD2F0E825E74BD400841E27 /* Color+Extension.swift */,
			);
			path = Common;
			sourceTree = "<group>";
		};
		EF34D0A125E672600074C834 /* Model */ = {
			isa = PBXGroup;
			children = (
				EF34D0A225E6726F0074C834 /* Topping.swift */,
			);
			path = Model;
			sourceTree = "<group>";
		};
		EF34D0AA25E673C60074C834 /* API */ = {
			isa = PBXGroup;
			children = (
				EF34D0AB25E673DA0074C834 /* Request.swift */,
				EF34D0B025E673F00074C834 /* Response.swift */,
				EF34D0B525E674090074C834 /* ServerError.swift */,
			);
			path = API;
			sourceTree = "<group>";
		};
		EF34D0BA25E675A40074C834 /* ViewCell */ = {
			isa = PBXGroup;
			children = (
				EF34D0BB25E675CA0074C834 /* TopperCollectionViewCell.swift */,
			);
			path = ViewCell;
			sourceTree = "<group>";
		};
		EF34D0C925E72EDC0074C834 /* UIElement */ = {
			isa = PBXGroup;
			children = (
				EF34D0CA25E72EF40074C834 /* TextBox.swift */,
			);
			path = UIElement;
			sourceTree = "<group>";
		};
/* End PBXGroup section */

/* Begin PBXNativeTarget section */
		EF34D02125E5CA450074C834 /* LookeTest */ = {
			isa = PBXNativeTarget;
			buildConfigurationList = EF34D04C25E5CA460074C834 /* Build configuration list for PBXNativeTarget "LookeTest" */;
			buildPhases = (
				6BD6F3187EEB5188A730F1AA /* [CP] Check Pods Manifest.lock */,
				EF34D01E25E5CA450074C834 /* Sources */,
				EF34D01F25E5CA450074C834 /* Frameworks */,
				EF34D02025E5CA450074C834 /* Resources */,
				31F4A5FCD7FC5735AC0C64C2 /* [CP] Embed Pods Frameworks */,
			);
			buildRules = (
			);
			dependencies = (
			);
			name = LookeTest;
			productName = LookeTest;
			productReference = EF34D02225E5CA450074C834 /* LookeTest.app */;
			productType = "com.apple.product-type.application";
		};
		EF34D03725E5CA460074C834 /* LookeTestTests */ = {
			isa = PBXNativeTarget;
			buildConfigurationList = EF34D04F25E5CA460074C834 /* Build configuration list for PBXNativeTarget "LookeTestTests" */;
			buildPhases = (
				9ED1435E42DFC7D7B65AC45B /* [CP] Check Pods Manifest.lock */,
				EF34D03425E5CA460074C834 /* Sources */,
				EF34D03525E5CA460074C834 /* Frameworks */,
				EF34D03625E5CA460074C834 /* Resources */,
			);
			buildRules = (
			);
			dependencies = (
				EF34D03A25E5CA460074C834 /* PBXTargetDependency */,
			);
			name = LookeTestTests;
			productName = LookeTestTests;
			productReference = EF34D03825E5CA460074C834 /* LookeTestTests.xctest */;
			productType = "com.apple.product-type.bundle.unit-test";
		};
		EF34D04225E5CA460074C834 /* LookeTestUITests */ = {
			isa = PBXNativeTarget;
			buildConfigurationList = EF34D05225E5CA460074C834 /* Build configuration list for PBXNativeTarget "LookeTestUITests" */;
			buildPhases = (
				0BFAE7920D5407FC8823F016 /* [CP] Check Pods Manifest.lock */,
				EF34D03F25E5CA460074C834 /* Sources */,
				EF34D04025E5CA460074C834 /* Frameworks */,
				EF34D04125E5CA460074C834 /* Resources */,
				08070450B169B456A0C657E2 /* [CP] Embed Pods Frameworks */,
			);
			buildRules = (
			);
			dependencies = (
				EF34D04525E5CA460074C834 /* PBXTargetDependency */,
			);
			name = LookeTestUITests;
			productName = LookeTestUITests;
			productReference = EF34D04325E5CA460074C834 /* LookeTestUITests.xctest */;
			productType = "com.apple.product-type.bundle.ui-testing";
		};
/* End PBXNativeTarget section */

/* Begin PBXProject section */
		EF34D01A25E5CA450074C834 /* Project object */ = {
			isa = PBXProject;
			attributes = {
				LastSwiftUpdateCheck = 1230;
				LastUpgradeCheck = 1230;
				TargetAttributes = {
					EF34D02125E5CA450074C834 = {
						CreatedOnToolsVersion = 12.3;
					};
					EF34D03725E5CA460074C834 = {
						CreatedOnToolsVersion = 12.3;
						TestTargetID = EF34D02125E5CA450074C834;
					};
					EF34D04225E5CA460074C834 = {
						CreatedOnToolsVersion = 12.3;
						TestTargetID = EF34D02125E5CA450074C834;
					};
				};
			};
			buildConfigurationList = EF34D01D25E5CA450074C834 /* Build configuration list for PBXProject "LookeTest" */;
			compatibilityVersion = "Xcode 9.3";
			developmentRegion = en;
			hasScannedForEncodings = 0;
			knownRegions = (
				en,
				Base,
			);
			mainGroup = EF34D01925E5CA450074C834;
			productRefGroup = EF34D02325E5CA450074C834 /* Products */;
			projectDirPath = "";
			projectRoot = "";
			targets = (
				EF34D02125E5CA450074C834 /* LookeTest */,
				EF34D03725E5CA460074C834 /* LookeTestTests */,
				EF34D04225E5CA460074C834 /* LookeTestUITests */,
			);
		};
/* End PBXProject section */

/* Begin PBXResourcesBuildPhase section */
		EF34D02025E5CA450074C834 /* Resources */ = {
			isa = PBXResourcesBuildPhase;
			buildActionMask = 2147483647;
			files = (
				EF34D03225E5CA450074C834 /* LaunchScreen.storyboard in Resources */,
				EF34D02F25E5CA450074C834 /* Assets.xcassets in Resources */,
				EF34D02D25E5CA450074C834 /* Main.storyboard in Resources */,
			);
			runOnlyForDeploymentPostprocessing = 0;
		};
		EF34D03625E5CA460074C834 /* Resources */ = {
			isa = PBXResourcesBuildPhase;
			buildActionMask = 2147483647;
			files = (
			);
			runOnlyForDeploymentPostprocessing = 0;
		};
		EF34D04125E5CA460074C834 /* Resources */ = {
			isa = PBXResourcesBuildPhase;
			buildActionMask = 2147483647;
			files = (
			);
			runOnlyForDeploymentPostprocessing = 0;
		};
/* End PBXResourcesBuildPhase section */

/* Begin PBXShellScriptBuildPhase section */
		08070450B169B456A0C657E2 /* [CP] Embed Pods Frameworks */ = {
			isa = PBXShellScriptBuildPhase;
			buildActionMask = 2147483647;
			files = (
			);
			inputFileListPaths = (
				"${PODS_ROOT}/Target Support Files/Pods-LookeTest-LookeTestUITests/Pods-LookeTest-LookeTestUITests-frameworks-${CONFIGURATION}-input-files.xcfilelist",
			);
			name = "[CP] Embed Pods Frameworks";
			outputFileListPaths = (
				"${PODS_ROOT}/Target Support Files/Pods-LookeTest-LookeTestUITests/Pods-LookeTest-LookeTestUITests-frameworks-${CONFIGURATION}-output-files.xcfilelist",
			);
			runOnlyForDeploymentPostprocessing = 0;
			shellPath = /bin/sh;
			shellScript = "\"${PODS_ROOT}/Target Support Files/Pods-LookeTest-LookeTestUITests/Pods-LookeTest-LookeTestUITests-frameworks.sh\"\n";
			showEnvVarsInLog = 0;
		};
		0BFAE7920D5407FC8823F016 /* [CP] Check Pods Manifest.lock */ = {
			isa = PBXShellScriptBuildPhase;
			buildActionMask = 2147483647;
			files = (
			);
			inputFileListPaths = (
			);
			inputPaths = (
				"${PODS_PODFILE_DIR_PATH}/Podfile.lock",
				"${PODS_ROOT}/Manifest.lock",
			);
			name = "[CP] Check Pods Manifest.lock";
			outputFileListPaths = (
			);
			outputPaths = (
				"$(DERIVED_FILE_DIR)/Pods-LookeTest-LookeTestUITests-checkManifestLockResult.txt",
			);
			runOnlyForDeploymentPostprocessing = 0;
			shellPath = /bin/sh;
			shellScript = "diff \"${PODS_PODFILE_DIR_PATH}/Podfile.lock\" \"${PODS_ROOT}/Manifest.lock\" > /dev/null\nif [ $? != 0 ] ; then\n    # print error to STDERR\n    echo \"error: The sandbox is not in sync with the Podfile.lock. Run 'pod install' or update your CocoaPods installation.\" >&2\n    exit 1\nfi\n# This output is used by Xcode 'outputs' to avoid re-running this script phase.\necho \"SUCCESS\" > \"${SCRIPT_OUTPUT_FILE_0}\"\n";
			showEnvVarsInLog = 0;
		};
		31F4A5FCD7FC5735AC0C64C2 /* [CP] Embed Pods Frameworks */ = {
			isa = PBXShellScriptBuildPhase;
			buildActionMask = 2147483647;
			files = (
			);
			inputFileListPaths = (
				"${PODS_ROOT}/Target Support Files/Pods-LookeTest/Pods-LookeTest-frameworks-${CONFIGURATION}-input-files.xcfilelist",
			);
			name = "[CP] Embed Pods Frameworks";
			outputFileListPaths = (
				"${PODS_ROOT}/Target Support Files/Pods-LookeTest/Pods-LookeTest-frameworks-${CONFIGURATION}-output-files.xcfilelist",
			);
			runOnlyForDeploymentPostprocessing = 0;
			shellPath = /bin/sh;
			shellScript = "\"${PODS_ROOT}/Target Support Files/Pods-LookeTest/Pods-LookeTest-frameworks.sh\"\n";
			showEnvVarsInLog = 0;
		};
		6BD6F3187EEB5188A730F1AA /* [CP] Check Pods Manifest.lock */ = {
			isa = PBXShellScriptBuildPhase;
			buildActionMask = 2147483647;
			files = (
			);
			inputFileListPaths = (
			);
			inputPaths = (
				"${PODS_PODFILE_DIR_PATH}/Podfile.lock",
				"${PODS_ROOT}/Manifest.lock",
			);
			name = "[CP] Check Pods Manifest.lock";
			outputFileListPaths = (
			);
			outputPaths = (
				"$(DERIVED_FILE_DIR)/Pods-LookeTest-checkManifestLockResult.txt",
			);
			runOnlyForDeploymentPostprocessing = 0;
			shellPath = /bin/sh;
			shellScript = "diff \"${PODS_PODFILE_DIR_PATH}/Podfile.lock\" \"${PODS_ROOT}/Manifest.lock\" > /dev/null\nif [ $? != 0 ] ; then\n    # print error to STDERR\n    echo \"error: The sandbox is not in sync with the Podfile.lock. Run 'pod install' or update your CocoaPods installation.\" >&2\n    exit 1\nfi\n# This output is used by Xcode 'outputs' to avoid re-running this script phase.\necho \"SUCCESS\" > \"${SCRIPT_OUTPUT_FILE_0}\"\n";
			showEnvVarsInLog = 0;
		};
		9ED1435E42DFC7D7B65AC45B /* [CP] Check Pods Manifest.lock */ = {
			isa = PBXShellScriptBuildPhase;
			buildActionMask = 2147483647;
			files = (
			);
			inputFileListPaths = (
			);
			inputPaths = (
				"${PODS_PODFILE_DIR_PATH}/Podfile.lock",
				"${PODS_ROOT}/Manifest.lock",
			);
			name = "[CP] Check Pods Manifest.lock";
			outputFileListPaths = (
			);
			outputPaths = (
				"$(DERIVED_FILE_DIR)/Pods-LookeTestTests-checkManifestLockResult.txt",
			);
			runOnlyForDeploymentPostprocessing = 0;
			shellPath = /bin/sh;
			shellScript = "diff \"${PODS_PODFILE_DIR_PATH}/Podfile.lock\" \"${PODS_ROOT}/Manifest.lock\" > /dev/null\nif [ $? != 0 ] ; then\n    # print error to STDERR\n    echo \"error: The sandbox is not in sync with the Podfile.lock. Run 'pod install' or update your CocoaPods installation.\" >&2\n    exit 1\nfi\n# This output is used by Xcode 'outputs' to avoid re-running this script phase.\necho \"SUCCESS\" > \"${SCRIPT_OUTPUT_FILE_0}\"\n";
			showEnvVarsInLog = 0;
		};
/* End PBXShellScriptBuildPhase section */

/* Begin PBXSourcesBuildPhase section */
		EF34D01E25E5CA450074C834 /* Sources */ = {
			isa = PBXSourcesBuildPhase;
			buildActionMask = 2147483647;
			files = (
				EF34D07225E5D58A0074C834 /* SimplyListCaller.swift in Sources */,
				EF34D02A25E5CA450074C834 /* ViewController.swift in Sources */,
				EF34D08125E5D64B0074C834 /* VehicleAssortment.swift in Sources */,
				EF34D0A325E6726F0074C834 /* Topping.swift in Sources */,
				EF34D0B125E673F00074C834 /* Response.swift in Sources */,
				EF34D0AC25E673DA0074C834 /* Request.swift in Sources */,
				EF34D0BC25E675CA0074C834 /* TopperCollectionViewCell.swift in Sources */,
				EFD2F0E425E7405E00841E27 /* MainViewController.swift in Sources */,
				EF34D02625E5CA450074C834 /* AppDelegate.swift in Sources */,
				EF34D02825E5CA450074C834 /* SceneDelegate.swift in Sources */,
				EFD2F18A25E7FDFA00841E27 /* AddFramework.swift in Sources */,
				EF34D07725E5D5DB0074C834 /* AlgorithmOutput.swift in Sources */,
				EF34D0B625E674090074C834 /* ServerError.swift in Sources */,
				EF34D07C25E5D60E0074C834 /* RotationSlider.swift in Sources */,
				EF34D06D25E5CBB10074C834 /* ViewCode.swift in Sources */,
				EFD2F19A25E7FFE400841E27 /* OutletDefinition.swift in Sources */,
				EFD2F1A725E8040100841E27 /* BundleId.swift in Sources */,
				EFD2F1A225E8012C00841E27 /* NotificationCenter.swift in Sources */,
				EFD2F0E925E74BD400841E27 /* Color+Extension.swift in Sources */,
				EF34D0CB25E72EF40074C834 /* TextBox.swift in Sources */,
				EF34D08625E5D6870074C834 /* PatternsExplanation.swift in Sources */,
				EFD2F19525E7FEB200841E27 /* ScreenSize.swift in Sources */,
			);
			runOnlyForDeploymentPostprocessing = 0;
		};
		EF34D03425E5CA460074C834 /* Sources */ = {
			isa = PBXSourcesBuildPhase;
			buildActionMask = 2147483647;
			files = (
				EF34D03D25E5CA460074C834 /* LookeTestTests.swift in Sources */,
			);
			runOnlyForDeploymentPostprocessing = 0;
		};
		EF34D03F25E5CA460074C834 /* Sources */ = {
			isa = PBXSourcesBuildPhase;
			buildActionMask = 2147483647;
			files = (
				EF34D04825E5CA460074C834 /* LookeTestUITests.swift in Sources */,
			);
			runOnlyForDeploymentPostprocessing = 0;
		};
/* End PBXSourcesBuildPhase section */

/* Begin PBXTargetDependency section */
		EF34D03A25E5CA460074C834 /* PBXTargetDependency */ = {
			isa = PBXTargetDependency;
			target = EF34D02125E5CA450074C834 /* LookeTest */;
			targetProxy = EF34D03925E5CA460074C834 /* PBXContainerItemProxy */;
		};
		EF34D04525E5CA460074C834 /* PBXTargetDependency */ = {
			isa = PBXTargetDependency;
			target = EF34D02125E5CA450074C834 /* LookeTest */;
			targetProxy = EF34D04425E5CA460074C834 /* PBXContainerItemProxy */;
		};
/* End PBXTargetDependency section */

/* Begin PBXVariantGroup section */
		EF34D02B25E5CA450074C834 /* Main.storyboard */ = {
			isa = PBXVariantGroup;
			children = (
				EF34D02C25E5CA450074C834 /* Base */,
			);
			name = Main.storyboard;
			sourceTree = "<group>";
		};
		EF34D03025E5CA450074C834 /* LaunchScreen.storyboard */ = {
			isa = PBXVariantGroup;
			children = (
				EF34D03125E5CA450074C834 /* Base */,
			);
			name = LaunchScreen.storyboard;
			sourceTree = "<group>";
		};
/* End PBXVariantGroup section */

/* Begin XCBuildConfiguration section */
		EF34D04A25E5CA460074C834 /* Debug */ = {
			isa = XCBuildConfiguration;
			buildSettings = {
				ALWAYS_SEARCH_USER_PATHS = NO;
				CLANG_ANALYZER_NONNULL = YES;
				CLANG_ANALYZER_NUMBER_OBJECT_CONVERSION = YES_AGGRESSIVE;
				CLANG_CXX_LANGUAGE_STANDARD = "gnu++14";
				CLANG_CXX_LIBRARY = "libc++";
				CLANG_ENABLE_MODULES = YES;
				CLANG_ENABLE_OBJC_ARC = YES;
				CLANG_ENABLE_OBJC_WEAK = YES;
				CLANG_WARN_BLOCK_CAPTURE_AUTORELEASING = YES;
				CLANG_WARN_BOOL_CONVERSION = YES;
				CLANG_WARN_COMMA = YES;
				CLANG_WARN_CONSTANT_CONVERSION = YES;
				CLANG_WARN_DEPRECATED_OBJC_IMPLEMENTATIONS = YES;
				CLANG_WARN_DIRECT_OBJC_ISA_USAGE = YES_ERROR;
				CLANG_WARN_DOCUMENTATION_COMMENTS = YES;
				CLANG_WARN_EMPTY_BODY = YES;
				CLANG_WARN_ENUM_CONVERSION = YES;
				CLANG_WARN_INFINITE_RECURSION = YES;
				CLANG_WARN_INT_CONVERSION = YES;
				CLANG_WARN_NON_LITERAL_NULL_CONVERSION = YES;
				CLANG_WARN_OBJC_IMPLICIT_RETAIN_SELF = YES;
				CLANG_WARN_OBJC_LITERAL_CONVERSION = YES;
				CLANG_WARN_OBJC_ROOT_CLASS = YES_ERROR;
				CLANG_WARN_QUOTED_INCLUDE_IN_FRAMEWORK_HEADER = YES;
				CLANG_WARN_RANGE_LOOP_ANALYSIS = YES;
				CLANG_WARN_STRICT_PROTOTYPES = YES;
				CLANG_WARN_SUSPICIOUS_MOVE = YES;
				CLANG_WARN_UNGUARDED_AVAILABILITY = YES_AGGRESSIVE;
				CLANG_WARN_UNREACHABLE_CODE = YES;
				CLANG_WARN__DUPLICATE_METHOD_MATCH = YES;
				COPY_PHASE_STRIP = NO;
				DEBUG_INFORMATION_FORMAT = dwarf;
				ENABLE_STRICT_OBJC_MSGSEND = YES;
				ENABLE_TESTABILITY = YES;
				GCC_C_LANGUAGE_STANDARD = gnu11;
				GCC_DYNAMIC_NO_PIC = NO;
				GCC_NO_COMMON_BLOCKS = YES;
				GCC_OPTIMIZATION_LEVEL = 0;
				GCC_PREPROCESSOR_DEFINITIONS = (
					"DEBUG=1",
					"$(inherited)",
				);
				GCC_WARN_64_TO_32_BIT_CONVERSION = YES;
				GCC_WARN_ABOUT_RETURN_TYPE = YES_ERROR;
				GCC_WARN_UNDECLARED_SELECTOR = YES;
				GCC_WARN_UNINITIALIZED_AUTOS = YES_AGGRESSIVE;
				GCC_WARN_UNUSED_FUNCTION = YES;
				GCC_WARN_UNUSED_VARIABLE = YES;
				IPHONEOS_DEPLOYMENT_TARGET = 14.3;
				MTL_ENABLE_DEBUG_INFO = INCLUDE_SOURCE;
				MTL_FAST_MATH = YES;
				ONLY_ACTIVE_ARCH = YES;
				SDKROOT = iphoneos;
				SWIFT_ACTIVE_COMPILATION_CONDITIONS = DEBUG;
				SWIFT_OPTIMIZATION_LEVEL = "-Onone";
			};
			name = Debug;
		};
		EF34D04B25E5CA460074C834 /* Release */ = {
			isa = XCBuildConfiguration;
			buildSettings = {
				ALWAYS_SEARCH_USER_PATHS = NO;
				CLANG_ANALYZER_NONNULL = YES;
				CLANG_ANALYZER_NUMBER_OBJECT_CONVERSION = YES_AGGRESSIVE;
				CLANG_CXX_LANGUAGE_STANDARD = "gnu++14";
				CLANG_CXX_LIBRARY = "libc++";
				CLANG_ENABLE_MODULES = YES;
				CLANG_ENABLE_OBJC_ARC = YES;
				CLANG_ENABLE_OBJC_WEAK = YES;
				CLANG_WARN_BLOCK_CAPTURE_AUTORELEASING = YES;
				CLANG_WARN_BOOL_CONVERSION = YES;
				CLANG_WARN_COMMA = YES;
				CLANG_WARN_CONSTANT_CONVERSION = YES;
				CLANG_WARN_DEPRECATED_OBJC_IMPLEMENTATIONS = YES;
				CLANG_WARN_DIRECT_OBJC_ISA_USAGE = YES_ERROR;
				CLANG_WARN_DOCUMENTATION_COMMENTS = YES;
				CLANG_WARN_EMPTY_BODY = YES;
				CLANG_WARN_ENUM_CONVERSION = YES;
				CLANG_WARN_INFINITE_RECURSION = YES;
				CLANG_WARN_INT_CONVERSION = YES;
				CLANG_WARN_NON_LITERAL_NULL_CONVERSION = YES;
				CLANG_WARN_OBJC_IMPLICIT_RETAIN_SELF = YES;
				CLANG_WARN_OBJC_LITERAL_CONVERSION = YES;
				CLANG_WARN_OBJC_ROOT_CLASS = YES_ERROR;
				CLANG_WARN_QUOTED_INCLUDE_IN_FRAMEWORK_HEADER = YES;
				CLANG_WARN_RANGE_LOOP_ANALYSIS = YES;
				CLANG_WARN_STRICT_PROTOTYPES = YES;
				CLANG_WARN_SUSPICIOUS_MOVE = YES;
				CLANG_WARN_UNGUARDED_AVAILABILITY = YES_AGGRESSIVE;
				CLANG_WARN_UNREACHABLE_CODE = YES;
				CLANG_WARN__DUPLICATE_METHOD_MATCH = YES;
				COPY_PHASE_STRIP = NO;
				DEBUG_INFORMATION_FORMAT = "dwarf-with-dsym";
				ENABLE_NS_ASSERTIONS = NO;
				ENABLE_STRICT_OBJC_MSGSEND = YES;
				GCC_C_LANGUAGE_STANDARD = gnu11;
				GCC_NO_COMMON_BLOCKS = YES;
				GCC_WARN_64_TO_32_BIT_CONVERSION = YES;
				GCC_WARN_ABOUT_RETURN_TYPE = YES_ERROR;
				GCC_WARN_UNDECLARED_SELECTOR = YES;
				GCC_WARN_UNINITIALIZED_AUTOS = YES_AGGRESSIVE;
				GCC_WARN_UNUSED_FUNCTION = YES;
				GCC_WARN_UNUSED_VARIABLE = YES;
				IPHONEOS_DEPLOYMENT_TARGET = 14.3;
				MTL_ENABLE_DEBUG_INFO = NO;
				MTL_FAST_MATH = YES;
				SDKROOT = iphoneos;
				SWIFT_COMPILATION_MODE = wholemodule;
				SWIFT_OPTIMIZATION_LEVEL = "-O";
				VALIDATE_PRODUCT = YES;
			};
			name = Release;
		};
		EF34D04D25E5CA460074C834 /* Debug */ = {
			isa = XCBuildConfiguration;
			baseConfigurationReference = 8184FFAED22956B8033E772C /* Pods-LookeTest.debug.xcconfig */;
			buildSettings = {
				ASSETCATALOG_COMPILER_APPICON_NAME = AppIcon;
				ASSETCATALOG_COMPILER_GLOBAL_ACCENT_COLOR_NAME = AccentColor;
				CODE_SIGN_STYLE = Automatic;
				DEVELOPMENT_TEAM = F48MGZ2AUR;
				INFOPLIST_FILE = LookeTest/Info.plist;
				LD_RUNPATH_SEARCH_PATHS = (
					"$(inherited)",
					"@executable_path/Frameworks",
				);
				PRODUCT_BUNDLE_IDENTIFIER = tcasablancas.LookeTest;
				PRODUCT_NAME = "$(TARGET_NAME)";
				SWIFT_VERSION = 5.0;
				TARGETED_DEVICE_FAMILY = "1,2";
			};
			name = Debug;
		};
		EF34D04E25E5CA460074C834 /* Release */ = {
			isa = XCBuildConfiguration;
			baseConfigurationReference = 32AE9C6F12063A289E75B15A /* Pods-LookeTest.release.xcconfig */;
			buildSettings = {
				ASSETCATALOG_COMPILER_APPICON_NAME = AppIcon;
				ASSETCATALOG_COMPILER_GLOBAL_ACCENT_COLOR_NAME = AccentColor;
				CODE_SIGN_STYLE = Automatic;
				DEVELOPMENT_TEAM = F48MGZ2AUR;
				INFOPLIST_FILE = LookeTest/Info.plist;
				LD_RUNPATH_SEARCH_PATHS = (
					"$(inherited)",
					"@executable_path/Frameworks",
				);
				PRODUCT_BUNDLE_IDENTIFIER = tcasablancas.LookeTest;
				PRODUCT_NAME = "$(TARGET_NAME)";
				SWIFT_VERSION = 5.0;
				TARGETED_DEVICE_FAMILY = "1,2";
			};
			name = Release;
		};
		EF34D05025E5CA460074C834 /* Debug */ = {
			isa = XCBuildConfiguration;
			baseConfigurationReference = 3EEAE9A076AE6315840B7503 /* Pods-LookeTestTests.debug.xcconfig */;
			buildSettings = {
				ALWAYS_EMBED_SWIFT_STANDARD_LIBRARIES = YES;
				BUNDLE_LOADER = "$(TEST_HOST)";
				CODE_SIGN_STYLE = Automatic;
				DEVELOPMENT_TEAM = F48MGZ2AUR;
				INFOPLIST_FILE = LookeTestTests/Info.plist;
				IPHONEOS_DEPLOYMENT_TARGET = 14.3;
				LD_RUNPATH_SEARCH_PATHS = (
					"$(inherited)",
					"@executable_path/Frameworks",
					"@loader_path/Frameworks",
				);
				PRODUCT_BUNDLE_IDENTIFIER = tcasablancas.LookeTestTests;
				PRODUCT_NAME = "$(TARGET_NAME)";
				SWIFT_VERSION = 5.0;
				TARGETED_DEVICE_FAMILY = "1,2";
				TEST_HOST = "$(BUILT_PRODUCTS_DIR)/LookeTest.app/LookeTest";
			};
			name = Debug;
		};
		EF34D05125E5CA460074C834 /* Release */ = {
			isa = XCBuildConfiguration;
			baseConfigurationReference = 986DB0553247553FFEC2407C /* Pods-LookeTestTests.release.xcconfig */;
			buildSettings = {
				ALWAYS_EMBED_SWIFT_STANDARD_LIBRARIES = YES;
				BUNDLE_LOADER = "$(TEST_HOST)";
				CODE_SIGN_STYLE = Automatic;
				DEVELOPMENT_TEAM = F48MGZ2AUR;
				INFOPLIST_FILE = LookeTestTests/Info.plist;
				IPHONEOS_DEPLOYMENT_TARGET = 14.3;
				LD_RUNPATH_SEARCH_PATHS = (
					"$(inherited)",
					"@executable_path/Frameworks",
					"@loader_path/Frameworks",
				);
				PRODUCT_BUNDLE_IDENTIFIER = tcasablancas.LookeTestTests;
				PRODUCT_NAME = "$(TARGET_NAME)";
				SWIFT_VERSION = 5.0;
				TARGETED_DEVICE_FAMILY = "1,2";
				TEST_HOST = "$(BUILT_PRODUCTS_DIR)/LookeTest.app/LookeTest";
			};
			name = Release;
		};
		EF34D05325E5CA460074C834 /* Debug */ = {
			isa = XCBuildConfiguration;
			baseConfigurationReference = B48F7CB7042F2855B164BD87 /* Pods-LookeTest-LookeTestUITests.debug.xcconfig */;
			buildSettings = {
				ALWAYS_EMBED_SWIFT_STANDARD_LIBRARIES = YES;
				CODE_SIGN_STYLE = Automatic;
				DEVELOPMENT_TEAM = F48MGZ2AUR;
				INFOPLIST_FILE = LookeTestUITests/Info.plist;
				LD_RUNPATH_SEARCH_PATHS = (
					"$(inherited)",
					"@executable_path/Frameworks",
					"@loader_path/Frameworks",
				);
				PRODUCT_BUNDLE_IDENTIFIER = tcasablancas.LookeTestUITests;
				PRODUCT_NAME = "$(TARGET_NAME)";
				SWIFT_VERSION = 5.0;
				TARGETED_DEVICE_FAMILY = "1,2";
				TEST_TARGET_NAME = LookeTest;
			};
			name = Debug;
		};
		EF34D05425E5CA460074C834 /* Release */ = {
			isa = XCBuildConfiguration;
			baseConfigurationReference = FB5CE9BA7717C6D4DE77A1B2 /* Pods-LookeTest-LookeTestUITests.release.xcconfig */;
			buildSettings = {
				ALWAYS_EMBED_SWIFT_STANDARD_LIBRARIES = YES;
				CODE_SIGN_STYLE = Automatic;
				DEVELOPMENT_TEAM = F48MGZ2AUR;
				INFOPLIST_FILE = LookeTestUITests/Info.plist;
				LD_RUNPATH_SEARCH_PATHS = (
					"$(inherited)",
					"@executable_path/Frameworks",
					"@loader_path/Frameworks",
				);
				PRODUCT_BUNDLE_IDENTIFIER = tcasablancas.LookeTestUITests;
				PRODUCT_NAME = "$(TARGET_NAME)";
				SWIFT_VERSION = 5.0;
				TARGETED_DEVICE_FAMILY = "1,2";
				TEST_TARGET_NAME = LookeTest;
			};
			name = Release;
		};
/* End XCBuildConfiguration section */

/* Begin XCConfigurationList section */
		EF34D01D25E5CA450074C834 /* Build configuration list for PBXProject "LookeTest" */ = {
			isa = XCConfigurationList;
			buildConfigurations = (
				EF34D04A25E5CA460074C834 /* Debug */,
				EF34D04B25E5CA460074C834 /* Release */,
			);
			defaultConfigurationIsVisible = 0;
			defaultConfigurationName = Release;
		};
		EF34D04C25E5CA460074C834 /* Build configuration list for PBXNativeTarget "LookeTest" */ = {
			isa = XCConfigurationList;
			buildConfigurations = (
				EF34D04D25E5CA460074C834 /* Debug */,
				EF34D04E25E5CA460074C834 /* Release */,
			);
			defaultConfigurationIsVisible = 0;
			defaultConfigurationName = Release;
		};
		EF34D04F25E5CA460074C834 /* Build configuration list for PBXNativeTarget "LookeTestTests" */ = {
			isa = XCConfigurationList;
			buildConfigurations = (
				EF34D05025E5CA460074C834 /* Debug */,
				EF34D05125E5CA460074C834 /* Release */,
			);
			defaultConfigurationIsVisible = 0;
			defaultConfigurationName = Release;
		};
		EF34D05225E5CA460074C834 /* Build configuration list for PBXNativeTarget "LookeTestUITests" */ = {
			isa = XCConfigurationList;
			buildConfigurations = (
				EF34D05325E5CA460074C834 /* Debug */,
				EF34D05425E5CA460074C834 /* Release */,
			);
			defaultConfigurationIsVisible = 0;
			defaultConfigurationName = Release;
		};
/* End XCConfigurationList section */
	};
	rootObject = EF34D01A25E5CA450074C834 /* Project object */;
}
